
Microsoft Visual Studio Solution File, Format Version 12.00
# Visual Studio Version 17
VisualStudioVersion = 17.8.34316.72
MinimumVisualStudioVersion = 10.0.40219.1
Project("{FAE04EC0-301F-11D3-BF4B-00C04F79EFBC}") = "Kartos", "Kartos\Kartos.csproj", "{86040467-D1FC-4553-8EA0-2FA2A8E3F0CD}"
EndProject
Global
	GlobalSection(SolutionConfigurationPlatforms) = preSolution
		Debug|Any CPU = Debug|Any CPU
		Release|Any CPU = Release|Any CPU
	EndGlobalSection
	GlobalSection(ProjectConfigurationPlatforms) = postSolution
		{86040467-D1FC-4553-8EA0-2FA2A8E3F0CD}.Debug|Any CPU.ActiveCfg = Debug|Any CPU
		{86040467-D1FC-4553-8EA0-2FA2A8E3F0CD}.Debug|Any CPU.Build.0 = Debug|Any CPU
		{86040467-D1FC-4553-8EA0-2FA2A8E3F0CD}.Release|Any CPU.ActiveCfg = Release|Any CPU
		{86040467-D1FC-4553-8EA0-2FA2A8E3F0CD}.Release|Any CPU.Build.0 = Release|Any CPU
	EndGlobalSection
	GlobalSection(SolutionProperties) = preSolution
		HideSolutionNode = FALSE
	EndGlobalSection
	GlobalSection(ExtensibilityGlobals) = postSolution
		SolutionGuid = {63C444C4-64CC-42C2-8047-EF36280D3E58}
	EndGlobalSection
EndGlobal
